
Microsoft Visual Studio Solution File, Format Version 12.00
# Visual Studio Version 17
VisualStudioVersion = 17.0.31903.59
MinimumVisualStudioVersion = 10.0.40219.1
Project("{FAE04EC0-301F-11D3-BF4B-00C04F79EFBC}") = "API", "API\API.csproj", "{51B38BDB-7DC1-48F0-9705-F4BBB7C179BA}"
EndProject
Project("{FAE04EC0-301F-11D3-BF4B-00C04F79EFBC}") = "Application", "Application\Application.csproj", "{9DAE908B-1031-43D1-BDBC-8D16817EB2CF}"
EndProject
Project("{FAE04EC0-301F-11D3-BF4B-00C04F79EFBC}") = "Percistance", "Percistance\Percistance.csproj", "{F5922B5C-DC9D-4F33-B35F-8B26AE35FC74}"
EndProject
Project("{FAE04EC0-301F-11D3-BF4B-00C04F79EFBC}") = "Domain", "Domain\Domain.csproj", "{77E50EAA-A88A-4D0B-9804-31F0556ECB7C}"
EndProject
Global
	GlobalSection(SolutionConfigurationPlatforms) = preSolution
		Debug|Any CPU = Debug|Any CPU
		Release|Any CPU = Release|Any CPU
	EndGlobalSection
	GlobalSection(SolutionProperties) = preSolution
		HideSolutionNode = FALSE
	EndGlobalSection
	GlobalSection(ProjectConfigurationPlatforms) = postSolution
		{51B38BDB-7DC1-48F0-9705-F4BBB7C179BA}.Debug|Any CPU.ActiveCfg = Debug|Any CPU
		{51B38BDB-7DC1-48F0-9705-F4BBB7C179BA}.Debug|Any CPU.Build.0 = Debug|Any CPU
		{51B38BDB-7DC1-48F0-9705-F4BBB7C179BA}.Release|Any CPU.ActiveCfg = Release|Any CPU
		{51B38BDB-7DC1-48F0-9705-F4BBB7C179BA}.Release|Any CPU.Build.0 = Release|Any CPU
		{9DAE908B-1031-43D1-BDBC-8D16817EB2CF}.Debug|Any CPU.ActiveCfg = Debug|Any CPU
		{9DAE908B-1031-43D1-BDBC-8D16817EB2CF}.Debug|Any CPU.Build.0 = Debug|Any CPU
		{9DAE908B-1031-43D1-BDBC-8D16817EB2CF}.Release|Any CPU.ActiveCfg = Release|Any CPU
		{9DAE908B-1031-43D1-BDBC-8D16817EB2CF}.Release|Any CPU.Build.0 = Release|Any CPU
		{F5922B5C-DC9D-4F33-B35F-8B26AE35FC74}.Debug|Any CPU.ActiveCfg = Debug|Any CPU
		{F5922B5C-DC9D-4F33-B35F-8B26AE35FC74}.Debug|Any CPU.Build.0 = Debug|Any CPU
		{F5922B5C-DC9D-4F33-B35F-8B26AE35FC74}.Release|Any CPU.ActiveCfg = Release|Any CPU
		{F5922B5C-DC9D-4F33-B35F-8B26AE35FC74}.Release|Any CPU.Build.0 = Release|Any CPU
		{77E50EAA-A88A-4D0B-9804-31F0556ECB7C}.Debug|Any CPU.ActiveCfg = Debug|Any CPU
		{77E50EAA-A88A-4D0B-9804-31F0556ECB7C}.Debug|Any CPU.Build.0 = Debug|Any CPU
		{77E50EAA-A88A-4D0B-9804-31F0556ECB7C}.Release|Any CPU.ActiveCfg = Release|Any CPU
		{77E50EAA-A88A-4D0B-9804-31F0556ECB7C}.Release|Any CPU.Build.0 = Release|Any CPU
	EndGlobalSection
EndGlobal
